
Microsoft Visual Studio Solution File, Format Version 12.00
# Visual Studio 14
VisualStudioVersion = 14.0.25420.1
MinimumVisualStudioVersion = 10.0.40219.1
Project("{9092AA53-FB77-4645-B42D-1CCCA6BD08BD}") = "LarzeNegar", "LarzeNegar\LarzeNegar.njsproj", "{2F865BAE-E9CA-4ABF-8DD6-733E3F3760A1}"
EndProject
Global
	GlobalSection(SolutionConfigurationPlatforms) = preSolution
		Debug|Any CPU = Debug|Any CPU
		Release|Any CPU = Release|Any CPU
	EndGlobalSection
	GlobalSection(ProjectConfigurationPlatforms) = postSolution
		{2F865BAE-E9CA-4ABF-8DD6-733E3F3760A1}.Debug|Any CPU.ActiveCfg = Debug|Any CPU
		{2F865BAE-E9CA-4ABF-8DD6-733E3F3760A1}.Debug|Any CPU.Build.0 = Debug|Any CPU
		{2F865BAE-E9CA-4ABF-8DD6-733E3F3760A1}.Release|Any CPU.ActiveCfg = Release|Any CPU
		{2F865BAE-E9CA-4ABF-8DD6-733E3F3760A1}.Release|Any CPU.Build.0 = Release|Any CPU
	EndGlobalSection
	GlobalSection(SolutionProperties) = preSolution
		HideSolutionNode = FALSE
	EndGlobalSection
EndGlobal
